// !$*UTF8*$!
{
	archiveVersion = 1;
	classes = {
	};
	objectVersion = 50;
	objects = {

/* Begin PBXBuildFile section */
		D9268AED25CABC1E0074F122 /* SplineQuinticBase.cc in Sources */ = {isa = PBXBuildFile; fileRef = D9268AD125CABC1E0074F122 /* SplineQuinticBase.cc */; };
		D9268AEE25CABC1E0074F122 /* SplineAkima.cc in Sources */ = {isa = PBXBuildFile; fileRef = D9268AD225CABC1E0074F122 /* SplineAkima.cc */; };
		D9268AEF25CABC1E0074F122 /* SplineSetGC.cc in Sources */ = {isa = PBXBuildFile; fileRef = D9268AD325CABC1E0074F122 /* SplineSetGC.cc */; };
		D9268AF025CABC1E0074F122 /* SplineLinear.cc in Sources */ = {isa = PBXBuildFile; fileRef = D9268AD525CABC1E0074F122 /* SplineLinear.cc */; };
		D9268AF125CABC1E0074F122 /* SplineQuintic.cc in Sources */ = {isa = PBXBuildFile; fileRef = D9268AD625CABC1E0074F122 /* SplineQuintic.cc */; };
		D9268AF225CABC1E0074F122 /* SplineCubicBase.cc in Sources */ = {isa = PBXBuildFile; fileRef = D9268AD725CABC1E0074F122 /* SplineCubicBase.cc */; };
		D9268AF325CABC1E0074F122 /* SplineSet.cc in Sources */ = {isa = PBXBuildFile; fileRef = D9268AD825CABC1E0074F122 /* SplineSet.cc */; };
		D9268AF425CABC1E0074F122 /* SplineConstant.cc in Sources */ = {isa = PBXBuildFile; fileRef = D9268AD925CABC1E0074F122 /* SplineConstant.cc */; };
		D9268AF525CABC1E0074F122 /* SplineBiQuintic.cc in Sources */ = {isa = PBXBuildFile; fileRef = D9268ADA25CABC1E0074F122 /* SplineBiQuintic.cc */; };
		D9268AF625CABC1E0074F122 /* SplinePchip.cc in Sources */ = {isa = PBXBuildFile; fileRef = D9268ADB25CABC1E0074F122 /* SplinePchip.cc */; };
		D9268AF725CABC1E0074F122 /* SplinesUtils.cc in Sources */ = {isa = PBXBuildFile; fileRef = D9268ADC25CABC1E0074F122 /* SplinesUtils.cc */; };
		D9268AF825CABC1E0074F122 /* SplineBessel.cc in Sources */ = {isa = PBXBuildFile; fileRef = D9268ADD25CABC1E0074F122 /* SplineBessel.cc */; };
		D9268AF925CABC1E0074F122 /* SplinesBivariate.cc in Sources */ = {isa = PBXBuildFile; fileRef = D9268ADE25CABC1E0074F122 /* SplinesBivariate.cc */; };
		D9268AFA25CABC1E0074F122 /* SplineVec.cc in Sources */ = {isa = PBXBuildFile; fileRef = D9268AE025CABC1E0074F122 /* SplineVec.cc */; };
		D9268AFB25CABC1E0074F122 /* Splines.cc in Sources */ = {isa = PBXBuildFile; fileRef = D9268AE125CABC1E0074F122 /* Splines.cc */; };
		D9268AFC25CABC1E0074F122 /* Splines2D.cc in Sources */ = {isa = PBXBuildFile; fileRef = D9268AE225CABC1E0074F122 /* Splines2D.cc */; };
		D9268AFD25CABC1E0074F122 /* SplineBiCubic.cc in Sources */ = {isa = PBXBuildFile; fileRef = D9268AE325CABC1E0074F122 /* SplineBiCubic.cc */; };
		D9268AFE25CABC1E0074F122 /* Splines1D.cc in Sources */ = {isa = PBXBuildFile; fileRef = D9268AE525CABC1E0074F122 /* Splines1D.cc */; };
		D9268AFF25CABC1E0074F122 /* SplineCubic.cc in Sources */ = {isa = PBXBuildFile; fileRef = D9268AE625CABC1E0074F122 /* SplineCubic.cc */; };
		D9268B0025CABC1E0074F122 /* SplineHermite.cc in Sources */ = {isa = PBXBuildFile; fileRef = D9268AE925CABC1E0074F122 /* SplineHermite.cc */; };
		D9268B0125CABC1E0074F122 /* SplineBilinear.cc in Sources */ = {isa = PBXBuildFile; fileRef = D9268AEA25CABC1E0074F122 /* SplineBilinear.cc */; };
		D9268B0225CABC1E0074F122 /* SplinesCinterface.cc in Sources */ = {isa = PBXBuildFile; fileRef = D9268AEB25CABC1E0074F122 /* SplinesCinterface.cc */; };
		D9268B0325CABC1E0074F122 /* SplineAkima2D.cc in Sources */ = {isa = PBXBuildFile; fileRef = D9268AEC25CABC1E0074F122 /* SplineAkima2D.cc */; };
		D9268B3F25CABD430074F122 /* test9.cc in Sources */ = {isa = PBXBuildFile; fileRef = D9268B0725CABC270074F122 /* test9.cc */; };
		D93B173C25CB709F0033E2CA /* SplineBessel.cc in Sources */ = {isa = PBXBuildFile; fileRef = D9268ADD25CABC1E0074F122 /* SplineBessel.cc */; };
		D93B173D25CB709F0033E2CA /* SplineHermite.cc in Sources */ = {isa = PBXBuildFile; fileRef = D9268AE925CABC1E0074F122 /* SplineHermite.cc */; };
		D93B173E25CB709F0033E2CA /* SplineCubicBase.cc in Sources */ = {isa = PBXBuildFile; fileRef = D9268AD725CABC1E0074F122 /* SplineCubicBase.cc */; };
		D93B173F25CB709F0033E2CA /* SplinePchip.cc in Sources */ = {isa = PBXBuildFile; fileRef = D9268ADB25CABC1E0074F122 /* SplinePchip.cc */; };
		D93B174025CB709F0033E2CA /* SplineSetGC.cc in Sources */ = {isa = PBXBuildFile; fileRef = D9268AD325CABC1E0074F122 /* SplineSetGC.cc */; };
		D93B174125CB709F0033E2CA /* Splines2D.cc in Sources */ = {isa = PBXBuildFile; fileRef = D9268AE225CABC1E0074F122 /* Splines2D.cc */; };
		D93B174225CB709F0033E2CA /* SplineBiCubic.cc in Sources */ = {isa = PBXBuildFile; fileRef = D9268AE325CABC1E0074F122 /* SplineBiCubic.cc */; };
		D93B174325CB709F0033E2CA /* SplineBilinear.cc in Sources */ = {isa = PBXBuildFile; fileRef = D9268AEA25CABC1E0074F122 /* SplineBilinear.cc */; };
		D93B174425CB709F0033E2CA /* SplineConstant.cc in Sources */ = {isa = PBXBuildFile; fileRef = D9268AD925CABC1E0074F122 /* SplineConstant.cc */; };
		D93B174525CB709F0033E2CA /* SplineLinear.cc in Sources */ = {isa = PBXBuildFile; fileRef = D9268AD525CABC1E0074F122 /* SplineLinear.cc */; };
		D93B174625CB709F0033E2CA /* SplineQuintic.cc in Sources */ = {isa = PBXBuildFile; fileRef = D9268AD625CABC1E0074F122 /* SplineQuintic.cc */; };
		D93B174725CB709F0033E2CA /* Splines.cc in Sources */ = {isa = PBXBuildFile; fileRef = D9268AE125CABC1E0074F122 /* Splines.cc */; };
		D93B174825CB709F0033E2CA /* SplineVec.cc in Sources */ = {isa = PBXBuildFile; fileRef = D9268AE025CABC1E0074F122 /* SplineVec.cc */; };
		D93B174925CB709F0033E2CA /* SplineCubic.cc in Sources */ = {isa = PBXBuildFile; fileRef = D9268AE625CABC1E0074F122 /* SplineCubic.cc */; };
		D93B174A25CB709F0033E2CA /* SplineBiQuintic.cc in Sources */ = {isa = PBXBuildFile; fileRef = D9268ADA25CABC1E0074F122 /* SplineBiQuintic.cc */; };
		D93B174B25CB709F0033E2CA /* SplineAkima.cc in Sources */ = {isa = PBXBuildFile; fileRef = D9268AD225CABC1E0074F122 /* SplineAkima.cc */; };
		D93B174C25CB709F0033E2CA /* SplinesCinterface.cc in Sources */ = {isa = PBXBuildFile; fileRef = D9268AEB25CABC1E0074F122 /* SplinesCinterface.cc */; };
		D93B174D25CB709F0033E2CA /* Splines1D.cc in Sources */ = {isa = PBXBuildFile; fileRef = D9268AE525CABC1E0074F122 /* Splines1D.cc */; };
		D93B174E25CB709F0033E2CA /* SplinesBivariate.cc in Sources */ = {isa = PBXBuildFile; fileRef = D9268ADE25CABC1E0074F122 /* SplinesBivariate.cc */; };
		D93B174F25CB709F0033E2CA /* SplineAkima2D.cc in Sources */ = {isa = PBXBuildFile; fileRef = D9268AEC25CABC1E0074F122 /* SplineAkima2D.cc */; };
		D93B175025CB709F0033E2CA /* SplineSet.cc in Sources */ = {isa = PBXBuildFile; fileRef = D9268AD825CABC1E0074F122 /* SplineSet.cc */; };
		D93B175225CB709F0033E2CA /* SplinesUtils.cc in Sources */ = {isa = PBXBuildFile; fileRef = D9268ADC25CABC1E0074F122 /* SplinesUtils.cc */; };
		D93B175325CB709F0033E2CA /* SplineQuinticBase.cc in Sources */ = {isa = PBXBuildFile; fileRef = D9268AD125CABC1E0074F122 /* SplineQuinticBase.cc */; };
		D93B176125CB70AC0033E2CA /* test2.cc in Sources */ = {isa = PBXBuildFile; fileRef = D9268B0925CABC270074F122 /* test2.cc */; };
		D93B176925CB70E30033E2CA /* libUtils_osx_static.a in Frameworks */ = {isa = PBXBuildFile; fileRef = D93B176625CB70E30033E2CA /* libUtils_osx_static.a */; };
		D93B176A25CB70E30033E2CA /* libQuartic_osx_static.a in Frameworks */ = {isa = PBXBuildFile; fileRef = D93B176725CB70E30033E2CA /* libQuartic_osx_static.a */; };
		D93B176B25CB70E30033E2CA /* libGenericContainer_osx_static.a in Frameworks */ = {isa = PBXBuildFile; fileRef = D93B176825CB70E30033E2CA /* libGenericContainer_osx_static.a */; };
/* End PBXBuildFile section */

/* Begin PBXCopyFilesBuildPhase section */
		D9268AC225CABBFD0074F122 /* CopyFiles */ = {
			isa = PBXCopyFilesBuildPhase;
			buildActionMask = 2147483647;
			dstPath = /usr/share/man/man1/;
			dstSubfolderSpec = 0;
			files = (
			);
			runOnlyForDeploymentPostprocessing = 1;
		};
		D93B175825CB709F0033E2CA /* CopyFiles */ = {
			isa = PBXCopyFilesBuildPhase;
			buildActionMask = 2147483647;
			dstPath = /usr/share/man/man1/;
			dstSubfolderSpec = 0;
			files = (
			);
			runOnlyForDeploymentPostprocessing = 1;
		};
/* End PBXCopyFilesBuildPhase section */

/* Begin PBXFileReference section */
		D9268AC425CABBFD0074F122 /* test9 */ = {isa = PBXFileReference; explicitFileType = "compiled.mach-o.executable"; includeInIndex = 0; path = test9; sourceTree = BUILT_PRODUCTS_DIR; };
		D9268AD125CABC1E0074F122 /* SplineQuinticBase.cc */ = {isa = PBXFileReference; fileEncoding = 4; lastKnownFileType = sourcecode.cpp.cpp; path = SplineQuinticBase.cc; sourceTree = "<group>"; };
		D9268AD225CABC1E0074F122 /* SplineAkima.cc */ = {isa = PBXFileReference; fileEncoding = 4; lastKnownFileType = sourcecode.cpp.cpp; path = SplineAkima.cc; sourceTree = "<group>"; };
		D9268AD325CABC1E0074F122 /* SplineSetGC.cc */ = {isa = PBXFileReference; fileEncoding = 4; lastKnownFileType = sourcecode.cpp.cpp; path = SplineSetGC.cc; sourceTree = "<group>"; };
		D9268AD425CABC1E0074F122 /* Splines_doxygen.hh */ = {isa = PBXFileReference; fileEncoding = 4; lastKnownFileType = sourcecode.cpp.h; path = Splines_doxygen.hh; sourceTree = "<group>"; };
		D9268AD525CABC1E0074F122 /* SplineLinear.cc */ = {isa = PBXFileReference; fileEncoding = 4; lastKnownFileType = sourcecode.cpp.cpp; path = SplineLinear.cc; sourceTree = "<group>"; };
		D9268AD625CABC1E0074F122 /* SplineQuintic.cc */ = {isa = PBXFileReference; fileEncoding = 4; lastKnownFileType = sourcecode.cpp.cpp; path = SplineQuintic.cc; sourceTree = "<group>"; };
		D9268AD725CABC1E0074F122 /* SplineCubicBase.cc */ = {isa = PBXFileReference; fileEncoding = 4; lastKnownFileType = sourcecode.cpp.cpp; path = SplineCubicBase.cc; sourceTree = "<group>"; };
		D9268AD825CABC1E0074F122 /* SplineSet.cc */ = {isa = PBXFileReference; fileEncoding = 4; lastKnownFileType = sourcecode.cpp.cpp; path = SplineSet.cc; sourceTree = "<group>"; };
		D9268AD925CABC1E0074F122 /* SplineConstant.cc */ = {isa = PBXFileReference; fileEncoding = 4; lastKnownFileType = sourcecode.cpp.cpp; path = SplineConstant.cc; sourceTree = "<group>"; };
		D9268ADA25CABC1E0074F122 /* SplineBiQuintic.cc */ = {isa = PBXFileReference; fileEncoding = 4; lastKnownFileType = sourcecode.cpp.cpp; path = SplineBiQuintic.cc; sourceTree = "<group>"; };
		D9268ADB25CABC1E0074F122 /* SplinePchip.cc */ = {isa = PBXFileReference; fileEncoding = 4; lastKnownFileType = sourcecode.cpp.cpp; path = SplinePchip.cc; sourceTree = "<group>"; };
		D9268ADC25CABC1E0074F122 /* SplinesUtils.cc */ = {isa = PBXFileReference; fileEncoding = 4; lastKnownFileType = sourcecode.cpp.cpp; path = SplinesUtils.cc; sourceTree = "<group>"; };
		D9268ADD25CABC1E0074F122 /* SplineBessel.cc */ = {isa = PBXFileReference; fileEncoding = 4; lastKnownFileType = sourcecode.cpp.cpp; path = SplineBessel.cc; sourceTree = "<group>"; };
		D9268ADE25CABC1E0074F122 /* SplinesBivariate.cc */ = {isa = PBXFileReference; fileEncoding = 4; lastKnownFileType = sourcecode.cpp.cpp; path = SplinesBivariate.cc; sourceTree = "<group>"; };
		D9268ADF25CABC1E0074F122 /* SplinesConfig.hh */ = {isa = PBXFileReference; fileEncoding = 4; lastKnownFileType = sourcecode.cpp.h; path = SplinesConfig.hh; sourceTree = "<group>"; };
		D9268AE025CABC1E0074F122 /* SplineVec.cc */ = {isa = PBXFileReference; fileEncoding = 4; lastKnownFileType = sourcecode.cpp.cpp; path = SplineVec.cc; sourceTree = "<group>"; };
		D9268AE125CABC1E0074F122 /* Splines.cc */ = {isa = PBXFileReference; fileEncoding = 4; lastKnownFileType = sourcecode.cpp.cpp; path = Splines.cc; sourceTree = "<group>"; };
		D9268AE225CABC1E0074F122 /* Splines2D.cc */ = {isa = PBXFileReference; fileEncoding = 4; lastKnownFileType = sourcecode.cpp.cpp; path = Splines2D.cc; sourceTree = "<group>"; };
		D9268AE325CABC1E0074F122 /* SplineBiCubic.cc */ = {isa = PBXFileReference; fileEncoding = 4; lastKnownFileType = sourcecode.cpp.cpp; path = SplineBiCubic.cc; sourceTree = "<group>"; };
		D9268AE425CABC1E0074F122 /* SplinesCinterface.h */ = {isa = PBXFileReference; fileEncoding = 4; lastKnownFileType = sourcecode.c.h; path = SplinesCinterface.h; sourceTree = "<group>"; };
		D9268AE525CABC1E0074F122 /* Splines1D.cc */ = {isa = PBXFileReference; fileEncoding = 4; lastKnownFileType = sourcecode.cpp.cpp; path = Splines1D.cc; sourceTree = "<group>"; };
		D9268AE625CABC1E0074F122 /* SplineCubic.cc */ = {isa = PBXFileReference; fileEncoding = 4; lastKnownFileType = sourcecode.cpp.cpp; path = SplineCubic.cc; sourceTree = "<group>"; };
		D9268AE725CABC1E0074F122 /* Splines.hh */ = {isa = PBXFileReference; fileEncoding = 4; lastKnownFileType = sourcecode.cpp.h; path = Splines.hh; sourceTree = "<group>"; };
		D9268AE825CABC1E0074F122 /* SplinesUtils.hh */ = {isa = PBXFileReference; fileEncoding = 4; lastKnownFileType = sourcecode.cpp.h; path = SplinesUtils.hh; sourceTree = "<group>"; };
		D9268AE925CABC1E0074F122 /* SplineHermite.cc */ = {isa = PBXFileReference; fileEncoding = 4; lastKnownFileType = sourcecode.cpp.cpp; path = SplineHermite.cc; sourceTree = "<group>"; };
		D9268AEA25CABC1E0074F122 /* SplineBilinear.cc */ = {isa = PBXFileReference; fileEncoding = 4; lastKnownFileType = sourcecode.cpp.cpp; path = SplineBilinear.cc; sourceTree = "<group>"; };
		D9268AEB25CABC1E0074F122 /* SplinesCinterface.cc */ = {isa = PBXFileReference; fileEncoding = 4; lastKnownFileType = sourcecode.cpp.cpp; path = SplinesCinterface.cc; sourceTree = "<group>"; };
		D9268AEC25CABC1E0074F122 /* SplineAkima2D.cc */ = {isa = PBXFileReference; fileEncoding = 4; lastKnownFileType = sourcecode.cpp.cpp; path = SplineAkima2D.cc; sourceTree = "<group>"; };
		D9268B0625CABC270074F122 /* test8.cc */ = {isa = PBXFileReference; lastKnownFileType = sourcecode.cpp.cpp; path = test8.cc; sourceTree = "<group>"; };
		D9268B0725CABC270074F122 /* test9.cc */ = {isa = PBXFileReference; lastKnownFileType = sourcecode.cpp.cpp; path = test9.cc; sourceTree = "<group>"; };
		D9268B0825CABC270074F122 /* test6.cc */ = {isa = PBXFileReference; lastKnownFileType = sourcecode.cpp.cpp; path = test6.cc; sourceTree = "<group>"; };
		D9268B0925CABC270074F122 /* test2.cc */ = {isa = PBXFileReference; lastKnownFileType = sourcecode.cpp.cpp; path = test2.cc; sourceTree = "<group>"; };
		D9268B0A25CABC270074F122 /* test10.cc */ = {isa = PBXFileReference; lastKnownFileType = sourcecode.cpp.cpp; path = test10.cc; sourceTree = "<group>"; };
		D9268B0B25CABC270074F122 /* test3.cc */ = {isa = PBXFileReference; lastKnownFileType = sourcecode.cpp.cpp; path = test3.cc; sourceTree = "<group>"; };
		D9268B0C25CABC270074F122 /* test4.cc */ = {isa = PBXFileReference; lastKnownFileType = sourcecode.cpp.cpp; path = test4.cc; sourceTree = "<group>"; };
		D9268B0D25CABC270074F122 /* test5.cc */ = {isa = PBXFileReference; lastKnownFileType = sourcecode.cpp.cpp; path = test5.cc; sourceTree = "<group>"; };
		D9268B0E25CABC270074F122 /* test1.cc */ = {isa = PBXFileReference; lastKnownFileType = sourcecode.cpp.cpp; path = test1.cc; sourceTree = "<group>"; };
		D9268B1825CABC6E0074F122 /* GenericContainerLibs.hh */ = {isa = PBXFileReference; fileEncoding = 4; lastKnownFileType = sourcecode.cpp.h; path = GenericContainerLibs.hh; sourceTree = "<group>"; };
		D9268B1925CABC6E0074F122 /* GenericContainerConfig.hh */ = {isa = PBXFileReference; fileEncoding = 4; lastKnownFileType = sourcecode.cpp.h; path = GenericContainerConfig.hh; sourceTree = "<group>"; };
		D9268B1A25CABC6E0074F122 /* Utils.hh */ = {isa = PBXFileReference; fileEncoding = 4; lastKnownFileType = sourcecode.cpp.h; path = Utils.hh; sourceTree = "<group>"; };
		D9268B1B25CABC6E0074F122 /* PolynomialRoots-Utils.hh */ = {isa = PBXFileReference; fileEncoding = 4; lastKnownFileType = sourcecode.cpp.h; path = "PolynomialRoots-Utils.hh"; sourceTree = "<group>"; };
		D9268B1C25CABC6E0074F122 /* GenericContainerCinterface.h */ = {isa = PBXFileReference; fileEncoding = 4; lastKnownFileType = sourcecode.c.h; path = GenericContainerCinterface.h; sourceTree = "<group>"; };
		D9268B1D25CABC6E0074F122 /* GenericContainer.hh */ = {isa = PBXFileReference; fileEncoding = 4; lastKnownFileType = sourcecode.cpp.h; path = GenericContainer.hh; sourceTree = "<group>"; };
		D9268B1E25CABC6E0074F122 /* PolynomialRoots.hh */ = {isa = PBXFileReference; fileEncoding = 4; lastKnownFileType = sourcecode.cpp.h; path = PolynomialRoots.hh; sourceTree = "<group>"; };
		D9268B2025CABC6E0074F122 /* Utils.hxx */ = {isa = PBXFileReference; fileEncoding = 4; lastKnownFileType = sourcecode.cpp.h; path = Utils.hxx; sourceTree = "<group>"; };
		D9268B2225CABC6E0074F122 /* ostream.h */ = {isa = PBXFileReference; fileEncoding = 4; lastKnownFileType = sourcecode.c.h; path = ostream.h; sourceTree = "<group>"; };
		D9268B2325CABC6E0074F122 /* format-inl.h */ = {isa = PBXFileReference; fileEncoding = 4; lastKnownFileType = sourcecode.c.h; path = "format-inl.h"; sourceTree = "<group>"; };
		D9268B2425CABC6E0074F122 /* ranges.h */ = {isa = PBXFileReference; fileEncoding = 4; lastKnownFileType = sourcecode.c.h; path = ranges.h; sourceTree = "<group>"; };
		D9268B2525CABC6E0074F122 /* core.h */ = {isa = PBXFileReference; fileEncoding = 4; lastKnownFileType = sourcecode.c.h; path = core.h; sourceTree = "<group>"; };
		D9268B2625CABC6E0074F122 /* locale.h */ = {isa = PBXFileReference; fileEncoding = 4; lastKnownFileType = sourcecode.c.h; path = locale.h; sourceTree = "<group>"; };
		D9268B2725CABC6E0074F122 /* chrono.h */ = {isa = PBXFileReference; fileEncoding = 4; lastKnownFileType = sourcecode.c.h; path = chrono.h; sourceTree = "<group>"; };
		D9268B2825CABC6E0074F122 /* os.h */ = {isa = PBXFileReference; fileEncoding = 4; lastKnownFileType = sourcecode.c.h; path = os.h; sourceTree = "<group>"; };
		D9268B2925CABC6E0074F122 /* color.h */ = {isa = PBXFileReference; fileEncoding = 4; lastKnownFileType = sourcecode.c.h; path = color.h; sourceTree = "<group>"; };
		D9268B2A25CABC6E0074F122 /* printf.h */ = {isa = PBXFileReference; fileEncoding = 4; lastKnownFileType = sourcecode.c.h; path = printf.h; sourceTree = "<group>"; };
		D9268B2B25CABC6E0074F122 /* compile.h */ = {isa = PBXFileReference; fileEncoding = 4; lastKnownFileType = sourcecode.c.h; path = compile.h; sourceTree = "<group>"; };
		D9268B2C25CABC6E0074F122 /* posix.h */ = {isa = PBXFileReference; fileEncoding = 4; lastKnownFileType = sourcecode.c.h; path = posix.h; sourceTree = "<group>"; };
		D9268B2D25CABC6E0074F122 /* format.h */ = {isa = PBXFileReference; fileEncoding = 4; lastKnownFileType = sourcecode.c.h; path = format.h; sourceTree = "<group>"; };
		D9268B2E25CABC6E0074F122 /* rang.hpp */ = {isa = PBXFileReference; fileEncoding = 4; lastKnownFileType = sourcecode.cpp.h; path = rang.hpp; sourceTree = "<group>"; };
		D9268B2F25CABC6E0074F122 /* Malloc.hxx */ = {isa = PBXFileReference; fileEncoding = 4; lastKnownFileType = sourcecode.cpp.h; path = Malloc.hxx; sourceTree = "<group>"; };
		D9268B3025CABC6E0074F122 /* Trace.hxx */ = {isa = PBXFileReference; fileEncoding = 4; lastKnownFileType = sourcecode.cpp.h; path = Trace.hxx; sourceTree = "<group>"; };
		D9268B3125CABC6E0074F122 /* Console.hxx */ = {isa = PBXFileReference; fileEncoding = 4; lastKnownFileType = sourcecode.cpp.h; path = Console.hxx; sourceTree = "<group>"; };
		D9268B3225CABC6E0074F122 /* Numbers.hxx */ = {isa = PBXFileReference; fileEncoding = 4; lastKnownFileType = sourcecode.cpp.h; path = Numbers.hxx; sourceTree = "<group>"; };
		D9268B3325CABC6E0074F122 /* TicToc.hxx */ = {isa = PBXFileReference; fileEncoding = 4; lastKnownFileType = sourcecode.cpp.h; path = TicToc.hxx; sourceTree = "<group>"; };
		D9268B3525CABC6E0074F122 /* izstream.hpp */ = {isa = PBXFileReference; fileEncoding = 4; lastKnownFileType = sourcecode.cpp.h; path = izstream.hpp; sourceTree = "<group>"; };
		D9268B3625CABC6E0074F122 /* izstream_impl.hpp */ = {isa = PBXFileReference; fileEncoding = 4; lastKnownFileType = sourcecode.cpp.h; path = izstream_impl.hpp; sourceTree = "<group>"; };
		D9268B3725CABC6E0074F122 /* ozstream_impl.hpp */ = {isa = PBXFileReference; fileEncoding = 4; lastKnownFileType = sourcecode.cpp.h; path = ozstream_impl.hpp; sourceTree = "<group>"; };
		D9268B3825CABC6E0074F122 /* zstream_common.hpp */ = {isa = PBXFileReference; fileEncoding = 4; lastKnownFileType = sourcecode.cpp.h; path = zstream_common.hpp; sourceTree = "<group>"; };
		D9268B3925CABC6E0074F122 /* ozstream.hpp */ = {isa = PBXFileReference; fileEncoding = 4; lastKnownFileType = sourcecode.cpp.h; path = ozstream.hpp; sourceTree = "<group>"; };
		D9268B3A25CABC6E0074F122 /* ThreadPool.hxx */ = {isa = PBXFileReference; fileEncoding = 4; lastKnownFileType = sourcecode.cpp.h; path = ThreadPool.hxx; sourceTree = "<group>"; };
		D9268B3B25CABC6E0074F122 /* GenericContainer_doc.hh */ = {isa = PBXFileReference; fileEncoding = 4; lastKnownFileType = sourcecode.cpp.h; path = GenericContainer_doc.hh; sourceTree = "<group>"; };
		D93B175C25CB709F0033E2CA /* test2 */ = {isa = PBXFileReference; explicitFileType = "compiled.mach-o.executable"; includeInIndex = 0; path = test2; sourceTree = BUILT_PRODUCTS_DIR; };
		D93B176625CB70E30033E2CA /* libUtils_osx_static.a */ = {isa = PBXFileReference; lastKnownFileType = archive.ar; path = libUtils_osx_static.a; sourceTree = "<group>"; };
		D93B176725CB70E30033E2CA /* libQuartic_osx_static.a */ = {isa = PBXFileReference; lastKnownFileType = archive.ar; path = libQuartic_osx_static.a; sourceTree = "<group>"; };
		D93B176825CB70E30033E2CA /* libGenericContainer_osx_static.a */ = {isa = PBXFileReference; lastKnownFileType = archive.ar; path = libGenericContainer_osx_static.a; sourceTree = "<group>"; };
/* End PBXFileReference section */

/* Begin PBXFrameworksBuildPhase section */
		D9268AC125CABBFD0074F122 /* Frameworks */ = {
			isa = PBXFrameworksBuildPhase;
			buildActionMask = 2147483647;
			files = (
			);
			runOnlyForDeploymentPostprocessing = 0;
		};
		D93B175425CB709F0033E2CA /* Frameworks */ = {
			isa = PBXFrameworksBuildPhase;
			buildActionMask = 2147483647;
			files = (
				D93B176A25CB70E30033E2CA /* libQuartic_osx_static.a in Frameworks */,
				D93B176925CB70E30033E2CA /* libUtils_osx_static.a in Frameworks */,
				D93B176B25CB70E30033E2CA /* libGenericContainer_osx_static.a in Frameworks */,
			);
			runOnlyForDeploymentPostprocessing = 0;
		};
/* End PBXFrameworksBuildPhase section */

/* Begin PBXGroup section */
		D9268ABB25CABBFD0074F122 = {
			isa = PBXGroup;
			children = (
				D9268B1725CABC6E0074F122 /* include */,
				D9268B1025CABC640074F122 /* lib */,
				D9268B0525CABC270074F122 /* tests */,
				D9268AD025CABC1E0074F122 /* src */,
				D9268AC525CABBFD0074F122 /* Products */,
			);
			sourceTree = "<group>";
		};
		D9268AC525CABBFD0074F122 /* Products */ = {
			isa = PBXGroup;
			children = (
				D9268AC425CABBFD0074F122 /* test9 */,
				D93B175C25CB709F0033E2CA /* test2 */,
			);
			name = Products;
			sourceTree = "<group>";
		};
		D9268AD025CABC1E0074F122 /* src */ = {
			isa = PBXGroup;
			children = (
				D9268ADE25CABC1E0074F122 /* SplinesBivariate.cc */,
				D9268AD325CABC1E0074F122 /* SplineSetGC.cc */,
				D9268AD125CABC1E0074F122 /* SplineQuinticBase.cc */,
				D9268AD225CABC1E0074F122 /* SplineAkima.cc */,
				D9268AD425CABC1E0074F122 /* Splines_doxygen.hh */,
				D9268AD525CABC1E0074F122 /* SplineLinear.cc */,
				D9268AD625CABC1E0074F122 /* SplineQuintic.cc */,
				D9268AD725CABC1E0074F122 /* SplineCubicBase.cc */,
				D9268AD825CABC1E0074F122 /* SplineSet.cc */,
				D9268AD925CABC1E0074F122 /* SplineConstant.cc */,
				D9268ADA25CABC1E0074F122 /* SplineBiQuintic.cc */,
				D9268ADB25CABC1E0074F122 /* SplinePchip.cc */,
				D9268ADC25CABC1E0074F122 /* SplinesUtils.cc */,
				D9268ADD25CABC1E0074F122 /* SplineBessel.cc */,
				D9268ADF25CABC1E0074F122 /* SplinesConfig.hh */,
				D9268AE025CABC1E0074F122 /* SplineVec.cc */,
				D9268AE125CABC1E0074F122 /* Splines.cc */,
				D9268AE225CABC1E0074F122 /* Splines2D.cc */,
				D9268AE325CABC1E0074F122 /* SplineBiCubic.cc */,
				D9268AE425CABC1E0074F122 /* SplinesCinterface.h */,
				D9268AE525CABC1E0074F122 /* Splines1D.cc */,
				D9268AE625CABC1E0074F122 /* SplineCubic.cc */,
				D9268AE725CABC1E0074F122 /* Splines.hh */,
				D9268AE825CABC1E0074F122 /* SplinesUtils.hh */,
				D9268AE925CABC1E0074F122 /* SplineHermite.cc */,
				D9268AEA25CABC1E0074F122 /* SplineBilinear.cc */,
				D9268AEB25CABC1E0074F122 /* SplinesCinterface.cc */,
				D9268AEC25CABC1E0074F122 /* SplineAkima2D.cc */,
			);
			name = src;
			path = ../src;
			sourceTree = "<group>";
		};
		D9268B0525CABC270074F122 /* tests */ = {
			isa = PBXGroup;
			children = (
				D9268B0E25CABC270074F122 /* test1.cc */,
				D9268B0925CABC270074F122 /* test2.cc */,
				D9268B0B25CABC270074F122 /* test3.cc */,
				D9268B0C25CABC270074F122 /* test4.cc */,
				D9268B0D25CABC270074F122 /* test5.cc */,
				D9268B0825CABC270074F122 /* test6.cc */,
				D9268B0625CABC270074F122 /* test8.cc */,
				D9268B0725CABC270074F122 /* test9.cc */,
				D9268B0A25CABC270074F122 /* test10.cc */,
			);
			name = tests;
			path = ../tests;
			sourceTree = "<group>";
		};
		D9268B1025CABC640074F122 /* lib */ = {
			isa = PBXGroup;
			children = (
				D93B176825CB70E30033E2CA /* libGenericContainer_osx_static.a */,
				D93B176725CB70E30033E2CA /* libQuartic_osx_static.a */,
				D93B176625CB70E30033E2CA /* libUtils_osx_static.a */,
			);
			name = lib;
			path = ../lib3rd/lib;
			sourceTree = "<group>";
		};
		D9268B1725CABC6E0074F122 /* include */ = {
			isa = PBXGroup;
			children = (
				D9268B1825CABC6E0074F122 /* GenericContainerLibs.hh */,
				D9268B1925CABC6E0074F122 /* GenericContainerConfig.hh */,
				D9268B1A25CABC6E0074F122 /* Utils.hh */,
				D9268B1B25CABC6E0074F122 /* PolynomialRoots-Utils.hh */,
				D9268B1C25CABC6E0074F122 /* GenericContainerCinterface.h */,
				D9268B1D25CABC6E0074F122 /* GenericContainer.hh */,
				D9268B1E25CABC6E0074F122 /* PolynomialRoots.hh */,
				D9268B1F25CABC6E0074F122 /* Utils */,
				D9268B3B25CABC6E0074F122 /* GenericContainer_doc.hh */,
			);
			name = include;
			path = ../lib3rd/include;
			sourceTree = "<group>";
		};
		D9268B1F25CABC6E0074F122 /* Utils */ = {
			isa = PBXGroup;
			children = (
				D9268B2025CABC6E0074F122 /* Utils.hxx */,
				D9268B2125CABC6E0074F122 /* fmt */,
				D9268B2E25CABC6E0074F122 /* rang.hpp */,
				D9268B2F25CABC6E0074F122 /* Malloc.hxx */,
				D9268B3025CABC6E0074F122 /* Trace.hxx */,
				D9268B3125CABC6E0074F122 /* Console.hxx */,
				D9268B3225CABC6E0074F122 /* Numbers.hxx */,
				D9268B3325CABC6E0074F122 /* TicToc.hxx */,
				D9268B3425CABC6E0074F122 /* zstream */,
				D9268B3A25CABC6E0074F122 /* ThreadPool.hxx */,
			);
			path = Utils;
			sourceTree = "<group>";
		};
		D9268B2125CABC6E0074F122 /* fmt */ = {
			isa = PBXGroup;
			children = (
				D9268B2225CABC6E0074F122 /* ostream.h */,
				D9268B2325CABC6E0074F122 /* format-inl.h */,
				D9268B2425CABC6E0074F122 /* ranges.h */,
				D9268B2525CABC6E0074F122 /* core.h */,
				D9268B2625CABC6E0074F122 /* locale.h */,
				D9268B2725CABC6E0074F122 /* chrono.h */,
				D9268B2825CABC6E0074F122 /* os.h */,
				D9268B2925CABC6E0074F122 /* color.h */,
				D9268B2A25CABC6E0074F122 /* printf.h */,
				D9268B2B25CABC6E0074F122 /* compile.h */,
				D9268B2C25CABC6E0074F122 /* posix.h */,
				D9268B2D25CABC6E0074F122 /* format.h */,
			);
			path = fmt;
			sourceTree = "<group>";
		};
		D9268B3425CABC6E0074F122 /* zstream */ = {
			isa = PBXGroup;
			children = (
				D9268B3525CABC6E0074F122 /* izstream.hpp */,
				D9268B3625CABC6E0074F122 /* izstream_impl.hpp */,
				D9268B3725CABC6E0074F122 /* ozstream_impl.hpp */,
				D9268B3825CABC6E0074F122 /* zstream_common.hpp */,
				D9268B3925CABC6E0074F122 /* ozstream.hpp */,
			);
			path = zstream;
			sourceTree = "<group>";
		};
/* End PBXGroup section */

/* Begin PBXNativeTarget section */
		D9268AC325CABBFD0074F122 /* test9 */ = {
			isa = PBXNativeTarget;
			buildConfigurationList = D9268ACB25CABBFD0074F122 /* Build configuration list for PBXNativeTarget "test9" */;
			buildPhases = (
				D9268AC025CABBFD0074F122 /* Sources */,
				D9268AC125CABBFD0074F122 /* Frameworks */,
				D9268AC225CABBFD0074F122 /* CopyFiles */,
			);
			buildRules = (
			);
			dependencies = (
			);
			name = test9;
			productName = Splines;
			productReference = D9268AC425CABBFD0074F122 /* test9 */;
			productType = "com.apple.product-type.tool";
		};
		D93B173A25CB709F0033E2CA /* test2 */ = {
			isa = PBXNativeTarget;
			buildConfigurationList = D93B175925CB709F0033E2CA /* Build configuration list for PBXNativeTarget "test2" */;
			buildPhases = (
				D93B173B25CB709F0033E2CA /* Sources */,
				D93B175425CB709F0033E2CA /* Frameworks */,
				D93B175825CB709F0033E2CA /* CopyFiles */,
			);
			buildRules = (
			);
			dependencies = (
			);
			name = test2;
			productName = Splines;
			productReference = D93B175C25CB709F0033E2CA /* test2 */;
			productType = "com.apple.product-type.tool";
		};
/* End PBXNativeTarget section */

/* Begin PBXProject section */
		D9268ABC25CABBFD0074F122 /* Project object */ = {
			isa = PBXProject;
			attributes = {
				LastUpgradeCheck = 1230;
				TargetAttributes = {
					D9268AC325CABBFD0074F122 = {
						CreatedOnToolsVersion = 12.3;
					};
				};
			};
			buildConfigurationList = D9268ABF25CABBFD0074F122 /* Build configuration list for PBXProject "Splines" */;
			compatibilityVersion = "Xcode 9.3";
			developmentRegion = en;
			hasScannedForEncodings = 0;
			knownRegions = (
				en,
				Base,
			);
			mainGroup = D9268ABB25CABBFD0074F122;
			productRefGroup = D9268AC525CABBFD0074F122 /* Products */;
			projectDirPath = "";
			projectRoot = "";
			targets = (
				D93B173A25CB709F0033E2CA /* test2 */,
				D9268AC325CABBFD0074F122 /* test9 */,
			);
		};
/* End PBXProject section */

/* Begin PBXSourcesBuildPhase section */
		D9268AC025CABBFD0074F122 /* Sources */ = {
			isa = PBXSourcesBuildPhase;
			buildActionMask = 2147483647;
			files = (
				D9268AF825CABC1E0074F122 /* SplineBessel.cc in Sources */,
				D9268B0025CABC1E0074F122 /* SplineHermite.cc in Sources */,
				D9268AF225CABC1E0074F122 /* SplineCubicBase.cc in Sources */,
				D9268AF625CABC1E0074F122 /* SplinePchip.cc in Sources */,
				D9268AEF25CABC1E0074F122 /* SplineSetGC.cc in Sources */,
				D9268AFC25CABC1E0074F122 /* Splines2D.cc in Sources */,
				D9268AFD25CABC1E0074F122 /* SplineBiCubic.cc in Sources */,
				D9268B0125CABC1E0074F122 /* SplineBilinear.cc in Sources */,
				D9268AF425CABC1E0074F122 /* SplineConstant.cc in Sources */,
				D9268AF025CABC1E0074F122 /* SplineLinear.cc in Sources */,
				D9268AF125CABC1E0074F122 /* SplineQuintic.cc in Sources */,
				D9268AFB25CABC1E0074F122 /* Splines.cc in Sources */,
				D9268AFA25CABC1E0074F122 /* SplineVec.cc in Sources */,
				D9268AFF25CABC1E0074F122 /* SplineCubic.cc in Sources */,
				D9268AF525CABC1E0074F122 /* SplineBiQuintic.cc in Sources */,
				D9268AEE25CABC1E0074F122 /* SplineAkima.cc in Sources */,
				D9268B0225CABC1E0074F122 /* SplinesCinterface.cc in Sources */,
				D9268AFE25CABC1E0074F122 /* Splines1D.cc in Sources */,
				D9268AF925CABC1E0074F122 /* SplinesBivariate.cc in Sources */,
				D9268B0325CABC1E0074F122 /* SplineAkima2D.cc in Sources */,
				D9268AF325CABC1E0074F122 /* SplineSet.cc in Sources */,
				D9268B3F25CABD430074F122 /* test9.cc in Sources */,
				D9268AF725CABC1E0074F122 /* SplinesUtils.cc in Sources */,
				D9268AED25CABC1E0074F122 /* SplineQuinticBase.cc in Sources */,
			);
			runOnlyForDeploymentPostprocessing = 0;
		};
		D93B173B25CB709F0033E2CA /* Sources */ = {
			isa = PBXSourcesBuildPhase;
			buildActionMask = 2147483647;
			files = (
				D93B173C25CB709F0033E2CA /* SplineBessel.cc in Sources */,
				D93B173D25CB709F0033E2CA /* SplineHermite.cc in Sources */,
				D93B173E25CB709F0033E2CA /* SplineCubicBase.cc in Sources */,
				D93B173F25CB709F0033E2CA /* SplinePchip.cc in Sources */,
				D93B174025CB709F0033E2CA /* SplineSetGC.cc in Sources */,
				D93B174125CB709F0033E2CA /* Splines2D.cc in Sources */,
				D93B174225CB709F0033E2CA /* SplineBiCubic.cc in Sources */,
				D93B174325CB709F0033E2CA /* SplineBilinear.cc in Sources */,
				D93B174425CB709F0033E2CA /* SplineConstant.cc in Sources */,
				D93B174525CB709F0033E2CA /* SplineLinear.cc in Sources */,
				D93B174625CB709F0033E2CA /* SplineQuintic.cc in Sources */,
				D93B174725CB709F0033E2CA /* Splines.cc in Sources */,
				D93B174825CB709F0033E2CA /* SplineVec.cc in Sources */,
				D93B174925CB709F0033E2CA /* SplineCubic.cc in Sources */,
				D93B174A25CB709F0033E2CA /* SplineBiQuintic.cc in Sources */,
				D93B174B25CB709F0033E2CA /* SplineAkima.cc in Sources */,
				D93B174C25CB709F0033E2CA /* SplinesCinterface.cc in Sources */,
				D93B174D25CB709F0033E2CA /* Splines1D.cc in Sources */,
				D93B174E25CB709F0033E2CA /* SplinesBivariate.cc in Sources */,
				D93B174F25CB709F0033E2CA /* SplineAkima2D.cc in Sources */,
				D93B176125CB70AC0033E2CA /* test2.cc in Sources */,
				D93B175025CB709F0033E2CA /* SplineSet.cc in Sources */,
				D93B175225CB709F0033E2CA /* SplinesUtils.cc in Sources */,
				D93B175325CB709F0033E2CA /* SplineQuinticBase.cc in Sources */,
			);
			runOnlyForDeploymentPostprocessing = 0;
		};
/* End PBXSourcesBuildPhase section */

/* Begin XCBuildConfiguration section */
		D9268AC925CABBFD0074F122 /* Debug */ = {
			isa = XCBuildConfiguration;
			buildSettings = {
				ALWAYS_SEARCH_USER_PATHS = NO;
				CLANG_ANALYZER_NONNULL = YES;
				CLANG_ANALYZER_NUMBER_OBJECT_CONVERSION = YES_AGGRESSIVE;
				CLANG_CXX_LANGUAGE_STANDARD = "gnu++14";
				CLANG_CXX_LIBRARY = "libc++";
				CLANG_ENABLE_MODULES = YES;
				CLANG_ENABLE_OBJC_ARC = YES;
				CLANG_ENABLE_OBJC_WEAK = YES;
				CLANG_WARN_BLOCK_CAPTURE_AUTORELEASING = YES;
				CLANG_WARN_BOOL_CONVERSION = YES;
				CLANG_WARN_COMMA = YES;
				CLANG_WARN_CONSTANT_CONVERSION = YES;
				CLANG_WARN_DEPRECATED_OBJC_IMPLEMENTATIONS = YES;
				CLANG_WARN_DIRECT_OBJC_ISA_USAGE = YES_ERROR;
				CLANG_WARN_DOCUMENTATION_COMMENTS = YES;
				CLANG_WARN_EMPTY_BODY = YES;
				CLANG_WARN_ENUM_CONVERSION = YES;
				CLANG_WARN_INFINITE_RECURSION = YES;
				CLANG_WARN_INT_CONVERSION = YES;
				CLANG_WARN_NON_LITERAL_NULL_CONVERSION = YES;
				CLANG_WARN_OBJC_IMPLICIT_RETAIN_SELF = YES;
				CLANG_WARN_OBJC_LITERAL_CONVERSION = YES;
				CLANG_WARN_OBJC_ROOT_CLASS = YES_ERROR;
				CLANG_WARN_QUOTED_INCLUDE_IN_FRAMEWORK_HEADER = YES;
				CLANG_WARN_RANGE_LOOP_ANALYSIS = YES;
				CLANG_WARN_STRICT_PROTOTYPES = YES;
				CLANG_WARN_SUSPICIOUS_MOVE = YES;
				CLANG_WARN_UNGUARDED_AVAILABILITY = YES_AGGRESSIVE;
				CLANG_WARN_UNREACHABLE_CODE = YES;
				CLANG_WARN__DUPLICATE_METHOD_MATCH = YES;
				COPY_PHASE_STRIP = NO;
				DEBUG_INFORMATION_FORMAT = dwarf;
				ENABLE_STRICT_OBJC_MSGSEND = YES;
				ENABLE_TESTABILITY = YES;
				GCC_C_LANGUAGE_STANDARD = gnu11;
				GCC_DYNAMIC_NO_PIC = NO;
				GCC_NO_COMMON_BLOCKS = YES;
				GCC_OPTIMIZATION_LEVEL = 0;
				GCC_PREPROCESSOR_DEFINITIONS = (
					"DEBUG=1",
					"$(inherited)",
				);
				GCC_WARN_64_TO_32_BIT_CONVERSION = YES;
				GCC_WARN_ABOUT_RETURN_TYPE = YES_ERROR;
				GCC_WARN_UNDECLARED_SELECTOR = YES;
				GCC_WARN_UNINITIALIZED_AUTOS = YES_AGGRESSIVE;
				GCC_WARN_UNUSED_FUNCTION = YES;
				GCC_WARN_UNUSED_VARIABLE = YES;
				HEADER_SEARCH_PATHS = "$(SOURCE_ROOT)/../lib3rd/include";
				LIBRARY_SEARCH_PATHS = "$(SOURCE_ROOT)/../lib3rd/lib";
				MACOSX_DEPLOYMENT_TARGET = 10.15;
				MTL_ENABLE_DEBUG_INFO = INCLUDE_SOURCE;
				MTL_FAST_MATH = YES;
				ONLY_ACTIVE_ARCH = YES;
				SDKROOT = macosx;
			};
			name = Debug;
		};
		D9268ACA25CABBFD0074F122 /* Release */ = {
			isa = XCBuildConfiguration;
			buildSettings = {
				ALWAYS_SEARCH_USER_PATHS = NO;
				CLANG_ANALYZER_NONNULL = YES;
				CLANG_ANALYZER_NUMBER_OBJECT_CONVERSION = YES_AGGRESSIVE;
				CLANG_CXX_LANGUAGE_STANDARD = "gnu++14";
				CLANG_CXX_LIBRARY = "libc++";
				CLANG_ENABLE_MODULES = YES;
				CLANG_ENABLE_OBJC_ARC = YES;
				CLANG_ENABLE_OBJC_WEAK = YES;
				CLANG_WARN_BLOCK_CAPTURE_AUTORELEASING = YES;
				CLANG_WARN_BOOL_CONVERSION = YES;
				CLANG_WARN_COMMA = YES;
				CLANG_WARN_CONSTANT_CONVERSION = YES;
				CLANG_WARN_DEPRECATED_OBJC_IMPLEMENTATIONS = YES;
				CLANG_WARN_DIRECT_OBJC_ISA_USAGE = YES_ERROR;
				CLANG_WARN_DOCUMENTATION_COMMENTS = YES;
				CLANG_WARN_EMPTY_BODY = YES;
				CLANG_WARN_ENUM_CONVERSION = YES;
				CLANG_WARN_INFINITE_RECURSION = YES;
				CLANG_WARN_INT_CONVERSION = YES;
				CLANG_WARN_NON_LITERAL_NULL_CONVERSION = YES;
				CLANG_WARN_OBJC_IMPLICIT_RETAIN_SELF = YES;
				CLANG_WARN_OBJC_LITERAL_CONVERSION = YES;
				CLANG_WARN_OBJC_ROOT_CLASS = YES_ERROR;
				CLANG_WARN_QUOTED_INCLUDE_IN_FRAMEWORK_HEADER = YES;
				CLANG_WARN_RANGE_LOOP_ANALYSIS = YES;
				CLANG_WARN_STRICT_PROTOTYPES = YES;
				CLANG_WARN_SUSPICIOUS_MOVE = YES;
				CLANG_WARN_UNGUARDED_AVAILABILITY = YES_AGGRESSIVE;
				CLANG_WARN_UNREACHABLE_CODE = YES;
				CLANG_WARN__DUPLICATE_METHOD_MATCH = YES;
				COPY_PHASE_STRIP = NO;
				DEBUG_INFORMATION_FORMAT = "dwarf-with-dsym";
				ENABLE_NS_ASSERTIONS = NO;
				ENABLE_STRICT_OBJC_MSGSEND = YES;
				GCC_C_LANGUAGE_STANDARD = gnu11;
				GCC_NO_COMMON_BLOCKS = YES;
				GCC_WARN_64_TO_32_BIT_CONVERSION = YES;
				GCC_WARN_ABOUT_RETURN_TYPE = YES_ERROR;
				GCC_WARN_UNDECLARED_SELECTOR = YES;
				GCC_WARN_UNINITIALIZED_AUTOS = YES_AGGRESSIVE;
				GCC_WARN_UNUSED_FUNCTION = YES;
				GCC_WARN_UNUSED_VARIABLE = YES;
				HEADER_SEARCH_PATHS = "$(SOURCE_ROOT)/../lib3rd/include";
				LIBRARY_SEARCH_PATHS = "$(SOURCE_ROOT)/../lib3rd/lib";
				MACOSX_DEPLOYMENT_TARGET = 10.15;
				MTL_ENABLE_DEBUG_INFO = NO;
				MTL_FAST_MATH = YES;
				SDKROOT = macosx;
			};
			name = Release;
		};
		D9268ACC25CABBFD0074F122 /* Debug */ = {
			isa = XCBuildConfiguration;
			buildSettings = {
				CODE_SIGN_STYLE = Automatic;
				PRODUCT_NAME = "$(TARGET_NAME)";
			};
			name = Debug;
		};
		D9268ACD25CABBFD0074F122 /* Release */ = {
			isa = XCBuildConfiguration;
			buildSettings = {
				CODE_SIGN_STYLE = Automatic;
				PRODUCT_NAME = "$(TARGET_NAME)";
			};
			name = Release;
		};
		D93B175A25CB709F0033E2CA /* Debug */ = {
			isa = XCBuildConfiguration;
			buildSettings = {
				CODE_SIGN_STYLE = Automatic;
				PRODUCT_NAME = "$(TARGET_NAME)";
			};
			name = Debug;
		};
		D93B175B25CB709F0033E2CA /* Release */ = {
			isa = XCBuildConfiguration;
			buildSettings = {
				CODE_SIGN_STYLE = Automatic;
				PRODUCT_NAME = "$(TARGET_NAME)";
			};
			name = Release;
		};
/* End XCBuildConfiguration section */

/* Begin XCConfigurationList section */
		D9268ABF25CABBFD0074F122 /* Build configuration list for PBXProject "Splines" */ = {
			isa = XCConfigurationList;
			buildConfigurations = (
				D9268AC925CABBFD0074F122 /* Debug */,
				D9268ACA25CABBFD0074F122 /* Release */,
			);
			defaultConfigurationIsVisible = 0;
			defaultConfigurationName = Release;
		};
		D9268ACB25CABBFD0074F122 /* Build configuration list for PBXNativeTarget "test9" */ = {
			isa = XCConfigurationList;
			buildConfigurations = (
				D9268ACC25CABBFD0074F122 /* Debug */,
				D9268ACD25CABBFD0074F122 /* Release */,
			);
			defaultConfigurationIsVisible = 0;
			defaultConfigurationName = Release;
		};
		D93B175925CB709F0033E2CA /* Build configuration list for PBXNativeTarget "test2" */ = {
			isa = XCConfigurationList;
			buildConfigurations = (
				D93B175A25CB709F0033E2CA /* Debug */,
				D93B175B25CB709F0033E2CA /* Release */,
			);
			defaultConfigurationIsVisible = 0;
			defaultConfigurationName = Release;
		};
/* End XCConfigurationList section */
	};
	rootObject = D9268ABC25CABBFD0074F122 /* Project object */;
}
